
Microsoft Visual Studio Solution File, Format Version 12.00
# Visual Studio 15
VisualStudioVersion = 15.0.27130.2010
MinimumVisualStudioVersion = 10.0.40219.1
Project("{FAE04EC0-301F-11D3-BF4B-00C04F79EFBC}") = "csharpscripts", "csharpscripts.csproj", "{32C87CFB-7713-40C2-BDA3-51CDE38C8610}"
EndProject
Project("{FAE04EC0-301F-11D3-BF4B-00C04F79EFBC}") = "csharplib", "..\csharplib\csharplib.csproj", "{2E735094-1E7A-44AA-A0B2-D8F81FB8D87F}"
EndProject
Project("{FAE04EC0-301F-11D3-BF4B-00C04F79EFBC}") = "csharpprogram", "good_delegates\csharpprogram.csproj", "{8E740E44-9E6A-48D7-AB4E-0A1E2E04D389}"
EndProject
Global
	GlobalSection(SolutionConfigurationPlatforms) = preSolution
		Debug|Any CPU = Debug|Any CPU
		Release|Any CPU = Release|Any CPU
	EndGlobalSection
	GlobalSection(ProjectConfigurationPlatforms) = postSolution
		{32C87CFB-7713-40C2-BDA3-51CDE38C8610}.Debug|Any CPU.ActiveCfg = Debug|Any CPU
		{32C87CFB-7713-40C2-BDA3-51CDE38C8610}.Debug|Any CPU.Build.0 = Debug|Any CPU
		{32C87CFB-7713-40C2-BDA3-51CDE38C8610}.Release|Any CPU.ActiveCfg = Release|Any CPU
		{32C87CFB-7713-40C2-BDA3-51CDE38C8610}.Release|Any CPU.Build.0 = Release|Any CPU
		{2E735094-1E7A-44AA-A0B2-D8F81FB8D87F}.Debug|Any CPU.ActiveCfg = Debug|Any CPU
		{2E735094-1E7A-44AA-A0B2-D8F81FB8D87F}.Debug|Any CPU.Build.0 = Debug|Any CPU
		{2E735094-1E7A-44AA-A0B2-D8F81FB8D87F}.Release|Any CPU.ActiveCfg = Release|Any CPU
		{2E735094-1E7A-44AA-A0B2-D8F81FB8D87F}.Release|Any CPU.Build.0 = Release|Any CPU
		{8E740E44-9E6A-48D7-AB4E-0A1E2E04D389}.Debug|Any CPU.ActiveCfg = Debug|Any CPU
		{8E740E44-9E6A-48D7-AB4E-0A1E2E04D389}.Debug|Any CPU.Build.0 = Debug|Any CPU
		{8E740E44-9E6A-48D7-AB4E-0A1E2E04D389}.Release|Any CPU.ActiveCfg = Release|Any CPU
		{8E740E44-9E6A-48D7-AB4E-0A1E2E04D389}.Release|Any CPU.Build.0 = Release|Any CPU
	EndGlobalSection
	GlobalSection(SolutionProperties) = preSolution
		HideSolutionNode = FALSE
	EndGlobalSection
	GlobalSection(ExtensibilityGlobals) = postSolution
		SolutionGuid = {3E5BC0E0-073F-4943-8BE9-AED435A4A769}
	EndGlobalSection
EndGlobal
