
Microsoft Visual Studio Solution File, Format Version 10.00
# Visual Studio 2008
Project("{FAE04EC0-301F-11D3-BF4B-00C04F79EFBC}") = "TestApplication", "TestApplication\TestApplication.csproj", "{5BC15859-1561-4449-A2AC-857D75CAC5D4}"
EndProject
Project("{FAE04EC0-301F-11D3-BF4B-00C04F79EFBC}") = "dnHTM", "HTMCore\dnHTM.csproj", "{01C7473C-FD2D-45FE-8BA5-2ABBEF5B56EC}"
EndProject
Project("{FAE04EC0-301F-11D3-BF4B-00C04F79EFBC}") = "HTMImageLayer", "HTMImageLayer\HTMImageLayer.csproj", "{1C04490D-8A33-4ABB-8007-22BE68BD083B}"
EndProject
Global
	GlobalSection(SolutionConfigurationPlatforms) = preSolution
		Debug|Any CPU = Debug|Any CPU
		Release|Any CPU = Release|Any CPU
	EndGlobalSection
	GlobalSection(ProjectConfigurationPlatforms) = postSolution
		{5BC15859-1561-4449-A2AC-857D75CAC5D4}.Debug|Any CPU.ActiveCfg = Debug|Any CPU
		{5BC15859-1561-4449-A2AC-857D75CAC5D4}.Debug|Any CPU.Build.0 = Debug|Any CPU
		{5BC15859-1561-4449-A2AC-857D75CAC5D4}.Release|Any CPU.ActiveCfg = Release|Any CPU
		{5BC15859-1561-4449-A2AC-857D75CAC5D4}.Release|Any CPU.Build.0 = Release|Any CPU
		{01C7473C-FD2D-45FE-8BA5-2ABBEF5B56EC}.Debug|Any CPU.ActiveCfg = Debug|Any CPU
		{01C7473C-FD2D-45FE-8BA5-2ABBEF5B56EC}.Debug|Any CPU.Build.0 = Debug|Any CPU
		{01C7473C-FD2D-45FE-8BA5-2ABBEF5B56EC}.Release|Any CPU.ActiveCfg = Release|Any CPU
		{01C7473C-FD2D-45FE-8BA5-2ABBEF5B56EC}.Release|Any CPU.Build.0 = Release|Any CPU
		{1C04490D-8A33-4ABB-8007-22BE68BD083B}.Debug|Any CPU.ActiveCfg = Debug|Any CPU
		{1C04490D-8A33-4ABB-8007-22BE68BD083B}.Debug|Any CPU.Build.0 = Debug|Any CPU
		{1C04490D-8A33-4ABB-8007-22BE68BD083B}.Release|Any CPU.ActiveCfg = Release|Any CPU
		{1C04490D-8A33-4ABB-8007-22BE68BD083B}.Release|Any CPU.Build.0 = Release|Any CPU
	EndGlobalSection
	GlobalSection(SolutionProperties) = preSolution
		HideSolutionNode = FALSE
	EndGlobalSection
EndGlobal
