
Microsoft Visual Studio Solution File, Format Version 12.00
# Visual Studio 15
VisualStudioVersion = 15.0.27130.2010
MinimumVisualStudioVersion = 10.0.40219.1
Project("{FAE04EC0-301F-11D3-BF4B-00C04F79EFBC}") = "System.Linq.Expressions.CodeAnalysis", "System.Linq.Expressions.CodeAnalysis\System.Linq.Expressions.CodeAnalysis.csproj", "{7133699A-87E2-41D5-88FA-9BC601081010}"
EndProject
Project("{FAE04EC0-301F-11D3-BF4B-00C04F79EFBC}") = "System.Linq.Expressions.CodeAnalysis.Tests", "System.Linq.Expressions.CodeAnalysis.Tests\System.Linq.Expressions.CodeAnalysis.Tests.csproj", "{0519379B-3DEA-485B-A798-D32FD3616DDF}"
EndProject
Global
	GlobalSection(SolutionConfigurationPlatforms) = preSolution
		Debug|Any CPU = Debug|Any CPU
		Release|Any CPU = Release|Any CPU
	EndGlobalSection
	GlobalSection(ProjectConfigurationPlatforms) = postSolution
		{7133699A-87E2-41D5-88FA-9BC601081010}.Debug|Any CPU.ActiveCfg = Debug|Any CPU
		{7133699A-87E2-41D5-88FA-9BC601081010}.Debug|Any CPU.Build.0 = Debug|Any CPU
		{7133699A-87E2-41D5-88FA-9BC601081010}.Release|Any CPU.ActiveCfg = Release|Any CPU
		{7133699A-87E2-41D5-88FA-9BC601081010}.Release|Any CPU.Build.0 = Release|Any CPU
		{0519379B-3DEA-485B-A798-D32FD3616DDF}.Debug|Any CPU.ActiveCfg = Debug|Any CPU
		{0519379B-3DEA-485B-A798-D32FD3616DDF}.Debug|Any CPU.Build.0 = Debug|Any CPU
		{0519379B-3DEA-485B-A798-D32FD3616DDF}.Release|Any CPU.ActiveCfg = Release|Any CPU
		{0519379B-3DEA-485B-A798-D32FD3616DDF}.Release|Any CPU.Build.0 = Release|Any CPU
	EndGlobalSection
	GlobalSection(SolutionProperties) = preSolution
		HideSolutionNode = FALSE
	EndGlobalSection
	GlobalSection(ExtensibilityGlobals) = postSolution
		SolutionGuid = {D003D075-2B1A-4CB2-9798-56EF1FD7E5E4}
	EndGlobalSection
EndGlobal
